// !$*UTF8*$!
{
	archiveVersion = 1;
	classes = {
	};
	objectVersion = 50;
	objects = {

/* Begin PBXBuildFile section */
		1DF60E5221A0D5DB003728D1 /* AppDelegate.swift in Sources */ = {isa = PBXBuildFile; fileRef = 1DF60E5121A0D5DB003728D1 /* AppDelegate.swift */; };
		1DF60E5421A0D5DB003728D1 /* ViewController.swift in Sources */ = {isa = PBXBuildFile; fileRef = 1DF60E5321A0D5DB003728D1 /* ViewController.swift */; };
		1DF60E5721A0D5DB003728D1 /* Main.storyboard in Resources */ = {isa = PBXBuildFile; fileRef = 1DF60E5521A0D5DB003728D1 /* Main.storyboard */; };
		1DF60E5921A0D5DD003728D1 /* Assets.xcassets in Resources */ = {isa = PBXBuildFile; fileRef = 1DF60E5821A0D5DD003728D1 /* Assets.xcassets */; };
		1DF60E5C21A0D5DD003728D1 /* LaunchScreen.storyboard in Resources */ = {isa = PBXBuildFile; fileRef = 1DF60E5A21A0D5DD003728D1 /* LaunchScreen.storyboard */; };
		1DF60E6721A0D5DD003728D1 /* ios_swift_git_testTests.swift in Sources */ = {isa = PBXBuildFile; fileRef = 1DF60E6621A0D5DD003728D1 /* ios_swift_git_testTests.swift */; };
		1DF60E7221A0D5DD003728D1 /* ios_swift_git_testUITests.swift in Sources */ = {isa = PBXBuildFile; fileRef = 1DF60E7121A0D5DD003728D1 /* ios_swift_git_testUITests.swift */; };
/* End PBXBuildFile section */

/* Begin PBXContainerItemProxy section */
		1DF60E6321A0D5DD003728D1 /* PBXContainerItemProxy */ = {
			isa = PBXContainerItemProxy;
			containerPortal = 1DF60E4621A0D5DB003728D1 /* Project object */;
			proxyType = 1;
			remoteGlobalIDString = 1DF60E4D21A0D5DB003728D1;
			remoteInfo = "ios-swift-git-test";
		};
		1DF60E6E21A0D5DD003728D1 /* PBXContainerItemProxy */ = {
			isa = PBXContainerItemProxy;
			containerPortal = 1DF60E4621A0D5DB003728D1 /* Project object */;
			proxyType = 1;
			remoteGlobalIDString = 1DF60E4D21A0D5DB003728D1;
			remoteInfo = "ios-swift-git-test";
		};
/* End PBXContainerItemProxy section */

/* Begin PBXFileReference section */
		1DF60E4E21A0D5DB003728D1 /* ios-swift-git-test.app */ = {isa = PBXFileReference; explicitFileType = wrapper.application; includeInIndex = 0; path = "ios-swift-git-test.app"; sourceTree = BUILT_PRODUCTS_DIR; };
		1DF60E5121A0D5DB003728D1 /* AppDelegate.swift */ = {isa = PBXFileReference; lastKnownFileType = sourcecode.swift; path = AppDelegate.swift; sourceTree = "<group>"; };
		1DF60E5321A0D5DB003728D1 /* ViewController.swift */ = {isa = PBXFileReference; lastKnownFileType = sourcecode.swift; path = ViewController.swift; sourceTree = "<group>"; };
		1DF60E5621A0D5DB003728D1 /* Base */ = {isa = PBXFileReference; lastKnownFileType = file.storyboard; name = Base; path = Base.lproj/Main.storyboard; sourceTree = "<group>"; };
		1DF60E5821A0D5DD003728D1 /* Assets.xcassets */ = {isa = PBXFileReference; lastKnownFileType = folder.assetcatalog; path = Assets.xcassets; sourceTree = "<group>"; };
		1DF60E5B21A0D5DD003728D1 /* Base */ = {isa = PBXFileReference; lastKnownFileType = file.storyboard; name = Base; path = Base.lproj/LaunchScreen.storyboard; sourceTree = "<group>"; };
		1DF60E5D21A0D5DD003728D1 /* Info.plist */ = {isa = PBXFileReference; lastKnownFileType = text.plist.xml; path = Info.plist; sourceTree = "<group>"; };
		1DF60E6221A0D5DD003728D1 /* ios-swift-git-testTests.xctest */ = {isa = PBXFileReference; explicitFileType = wrapper.cfbundle; includeInIndex = 0; path = "ios-swift-git-testTests.xctest"; sourceTree = BUILT_PRODUCTS_DIR; };
		1DF60E6621A0D5DD003728D1 /* ios_swift_git_testTests.swift */ = {isa = PBXFileReference; lastKnownFileType = sourcecode.swift; path = ios_swift_git_testTests.swift; sourceTree = "<group>"; };
		1DF60E6821A0D5DD003728D1 /* Info.plist */ = {isa = PBXFileReference; lastKnownFileType = text.plist.xml; path = Info.plist; sourceTree = "<group>"; };
		1DF60E6D21A0D5DD003728D1 /* ios-swift-git-testUITests.xctest */ = {isa = PBXFileReference; explicitFileType = wrapper.cfbundle; includeInIndex = 0; path = "ios-swift-git-testUITests.xctest"; sourceTree = BUILT_PRODUCTS_DIR; };
		1DF60E7121A0D5DD003728D1 /* ios_swift_git_testUITests.swift */ = {isa = PBXFileReference; lastKnownFileType = sourcecode.swift; path = ios_swift_git_testUITests.swift; sourceTree = "<group>"; };
		1DF60E7321A0D5DD003728D1 /* Info.plist */ = {isa = PBXFileReference; lastKnownFileType = text.plist.xml; path = Info.plist; sourceTree = "<group>"; };
/* End PBXFileReference section */

/* Begin PBXFrameworksBuildPhase section */
		1DF60E4B21A0D5DB003728D1 /* Frameworks */ = {
			isa = PBXFrameworksBuildPhase;
			buildActionMask = 2147483647;
			files = (
			);
			runOnlyForDeploymentPostprocessing = 0;
		};
		1DF60E5F21A0D5DD003728D1 /* Frameworks */ = {
			isa = PBXFrameworksBuildPhase;
			buildActionMask = 2147483647;
			files = (
			);
			runOnlyForDeploymentPostprocessing = 0;
		};
		1DF60E6A21A0D5DD003728D1 /* Frameworks */ = {
			isa = PBXFrameworksBuildPhase;
			buildActionMask = 2147483647;
			files = (
			);
			runOnlyForDeploymentPostprocessing = 0;
		};
/* End PBXFrameworksBuildPhase section */

/* Begin PBXGroup section */
		1DF60E4521A0D5DB003728D1 = {
			isa = PBXGroup;
			children = (
				1DF60E5021A0D5DB003728D1 /* ios-swift-git-test */,
				1DF60E6521A0D5DD003728D1 /* ios-swift-git-testTests */,
				1DF60E7021A0D5DD003728D1 /* ios-swift-git-testUITests */,
				1DF60E4F21A0D5DB003728D1 /* Products */,
			);
			sourceTree = "<group>";
		};
		1DF60E4F21A0D5DB003728D1 /* Products */ = {
			isa = PBXGroup;
			children = (
				1DF60E4E21A0D5DB003728D1 /* ios-swift-git-test.app */,
				1DF60E6221A0D5DD003728D1 /* ios-swift-git-testTests.xctest */,
				1DF60E6D21A0D5DD003728D1 /* ios-swift-git-testUITests.xctest */,
			);
			name = Products;
			sourceTree = "<group>";
		};
		1DF60E5021A0D5DB003728D1 /* ios-swift-git-test */ = {
			isa = PBXGroup;
			children = (
				1DF60E5121A0D5DB003728D1 /* AppDelegate.swift */,
				1DF60E5321A0D5DB003728D1 /* ViewController.swift */,
				1DF60E5521A0D5DB003728D1 /* Main.storyboard */,
				1DF60E5821A0D5DD003728D1 /* Assets.xcassets */,
				1DF60E5A21A0D5DD003728D1 /* LaunchScreen.storyboard */,
				1DF60E5D21A0D5DD003728D1 /* Info.plist */,
			);
			path = "ios-swift-git-test";
			sourceTree = "<group>";
		};
		1DF60E6521A0D5DD003728D1 /* ios-swift-git-testTests */ = {
			isa = PBXGroup;
			children = (
				1DF60E6621A0D5DD003728D1 /* ios_swift_git_testTests.swift */,
				1DF60E6821A0D5DD003728D1 /* Info.plist */,
			);
			path = "ios-swift-git-testTests";
			sourceTree = "<group>";
		};
		1DF60E7021A0D5DD003728D1 /* ios-swift-git-testUITests */ = {
			isa = PBXGroup;
			children = (
				1DF60E7121A0D5DD003728D1 /* ios_swift_git_testUITests.swift */,
				1DF60E7321A0D5DD003728D1 /* Info.plist */,
			);
			path = "ios-swift-git-testUITests";
			sourceTree = "<group>";
		};
/* End PBXGroup section */

/* Begin PBXNativeTarget section */
		1DF60E4D21A0D5DB003728D1 /* ios-swift-git-test */ = {
			isa = PBXNativeTarget;
			buildConfigurationList = 1DF60E7621A0D5DD003728D1 /* Build configuration list for PBXNativeTarget "ios-swift-git-test" */;
			buildPhases = (
				1DF60E4A21A0D5DB003728D1 /* Sources */,
				1DF60E4B21A0D5DB003728D1 /* Frameworks */,
				1DF60E4C21A0D5DB003728D1 /* Resources */,
			);
			buildRules = (
			);
			dependencies = (
			);
			name = "ios-swift-git-test";
			productName = "ios-swift-git-test";
			productReference = 1DF60E4E21A0D5DB003728D1 /* ios-swift-git-test.app */;
			productType = "com.apple.product-type.application";
		};
		1DF60E6121A0D5DD003728D1 /* ios-swift-git-testTests */ = {
			isa = PBXNativeTarget;
			buildConfigurationList = 1DF60E7921A0D5DD003728D1 /* Build configuration list for PBXNativeTarget "ios-swift-git-testTests" */;
			buildPhases = (
				1DF60E5E21A0D5DD003728D1 /* Sources */,
				1DF60E5F21A0D5DD003728D1 /* Frameworks */,
				1DF60E6021A0D5DD003728D1 /* Resources */,
			);
			buildRules = (
			);
			dependencies = (
				1DF60E6421A0D5DD003728D1 /* PBXTargetDependency */,
			);
			name = "ios-swift-git-testTests";
			productName = "ios-swift-git-testTests";
			productReference = 1DF60E6221A0D5DD003728D1 /* ios-swift-git-testTests.xctest */;
			productType = "com.apple.product-type.bundle.unit-test";
		};
		1DF60E6C21A0D5DD003728D1 /* ios-swift-git-testUITests */ = {
			isa = PBXNativeTarget;
			buildConfigurationList = 1DF60E7C21A0D5DD003728D1 /* Build configuration list for PBXNativeTarget "ios-swift-git-testUITests" */;
			buildPhases = (
				1DF60E6921A0D5DD003728D1 /* Sources */,
				1DF60E6A21A0D5DD003728D1 /* Frameworks */,
				1DF60E6B21A0D5DD003728D1 /* Resources */,
			);
			buildRules = (
			);
			dependencies = (
				1DF60E6F21A0D5DD003728D1 /* PBXTargetDependency */,
			);
			name = "ios-swift-git-testUITests";
			productName = "ios-swift-git-testUITests";
			productReference = 1DF60E6D21A0D5DD003728D1 /* ios-swift-git-testUITests.xctest */;
			productType = "com.apple.product-type.bundle.ui-testing";
		};
/* End PBXNativeTarget section */

/* Begin PBXProject section */
		1DF60E4621A0D5DB003728D1 /* Project object */ = {
			isa = PBXProject;
			attributes = {
				LastSwiftUpdateCheck = 0940;
				LastUpgradeCheck = 0940;
				ORGANIZATIONNAME = "Ivo Vošahlík";
				TargetAttributes = {
					1DF60E4D21A0D5DB003728D1 = {
						CreatedOnToolsVersion = 9.4.1;
					};
					1DF60E6121A0D5DD003728D1 = {
						CreatedOnToolsVersion = 9.4.1;
						TestTargetID = 1DF60E4D21A0D5DB003728D1;
					};
					1DF60E6C21A0D5DD003728D1 = {
						CreatedOnToolsVersion = 9.4.1;
						TestTargetID = 1DF60E4D21A0D5DB003728D1;
					};
				};
			};
			buildConfigurationList = 1DF60E4921A0D5DB003728D1 /* Build configuration list for PBXProject "ios-swift-git-test" */;
			compatibilityVersion = "Xcode 9.3";
			developmentRegion = en;
			hasScannedForEncodings = 0;
			knownRegions = (
				en,
				Base,
			);
			mainGroup = 1DF60E4521A0D5DB003728D1;
			productRefGroup = 1DF60E4F21A0D5DB003728D1 /* Products */;
			projectDirPath = "";
			projectRoot = "";
			targets = (
				1DF60E4D21A0D5DB003728D1 /* ios-swift-git-test */,
				1DF60E6121A0D5DD003728D1 /* ios-swift-git-testTests */,
				1DF60E6C21A0D5DD003728D1 /* ios-swift-git-testUITests */,
			);
		};
/* End PBXProject section */

/* Begin PBXResourcesBuildPhase section */
		1DF60E4C21A0D5DB003728D1 /* Resources */ = {
			isa = PBXResourcesBuildPhase;
			buildActionMask = 2147483647;
			files = (
				1DF60E5C21A0D5DD003728D1 /* LaunchScreen.storyboard in Resources */,
				1DF60E5921A0D5DD003728D1 /* Assets.xcassets in Resources */,
				1DF60E5721A0D5DB003728D1 /* Main.storyboard in Resources */,
			);
			runOnlyForDeploymentPostprocessing = 0;
		};
		1DF60E6021A0D5DD003728D1 /* Resources */ = {
			isa = PBXResourcesBuildPhase;
			buildActionMask = 2147483647;
			files = (
			);
			runOnlyForDeploymentPostprocessing = 0;
		};
		1DF60E6B21A0D5DD003728D1 /* Resources */ = {
			isa = PBXResourcesBuildPhase;
			buildActionMask = 2147483647;
			files = (
			);
			runOnlyForDeploymentPostprocessing = 0;
		};
/* End PBXResourcesBuildPhase section */

/* Begin PBXSourcesBuildPhase section */
		1DF60E4A21A0D5DB003728D1 /* Sources */ = {
			isa = PBXSourcesBuildPhase;
			buildActionMask = 2147483647;
			files = (
				1DF60E5421A0D5DB003728D1 /* ViewController.swift in Sources */,
				1DF60E5221A0D5DB003728D1 /* AppDelegate.swift in Sources */,
			);
			runOnlyForDeploymentPostprocessing = 0;
		};
		1DF60E5E21A0D5DD003728D1 /* Sources */ = {
			isa = PBXSourcesBuildPhase;
			buildActionMask = 2147483647;
			files = (
				1DF60E6721A0D5DD003728D1 /* ios_swift_git_testTests.swift in Sources */,
			);
			runOnlyForDeploymentPostprocessing = 0;
		};
		1DF60E6921A0D5DD003728D1 /* Sources */ = {
			isa = PBXSourcesBuildPhase;
			buildActionMask = 2147483647;
			files = (
				1DF60E7221A0D5DD003728D1 /* ios_swift_git_testUITests.swift in Sources */,
			);
			runOnlyForDeploymentPostprocessing = 0;
		};
/* End PBXSourcesBuildPhase section */

/* Begin PBXTargetDependency section */
		1DF60E6421A0D5DD003728D1 /* PBXTargetDependency */ = {
			isa = PBXTargetDependency;
			target = 1DF60E4D21A0D5DB003728D1 /* ios-swift-git-test */;
			targetProxy = 1DF60E6321A0D5DD003728D1 /* PBXContainerItemProxy */;
		};
		1DF60E6F21A0D5DD003728D1 /* PBXTargetDependency */ = {
			isa = PBXTargetDependency;
			target = 1DF60E4D21A0D5DB003728D1 /* ios-swift-git-test */;
			targetProxy = 1DF60E6E21A0D5DD003728D1 /* PBXContainerItemProxy */;
		};
/* End PBXTargetDependency section */

/* Begin PBXVariantGroup section */
		1DF60E5521A0D5DB003728D1 /* Main.storyboard */ = {
			isa = PBXVariantGroup;
			children = (
				1DF60E5621A0D5DB003728D1 /* Base */,
			);
			name = Main.storyboard;
			sourceTree = "<group>";
		};
		1DF60E5A21A0D5DD003728D1 /* LaunchScreen.storyboard */ = {
			isa = PBXVariantGroup;
			children = (
				1DF60E5B21A0D5DD003728D1 /* Base */,
			);
			name = LaunchScreen.storyboard;
			sourceTree = "<group>";
		};
/* End PBXVariantGroup section */

/* Begin XCBuildConfiguration section */
		1DF60E7421A0D5DD003728D1 /* Debug */ = {
			isa = XCBuildConfiguration;
			buildSettings = {
				ALWAYS_SEARCH_USER_PATHS = NO;
				CLANG_ANALYZER_NONNULL = YES;
				CLANG_ANALYZER_NUMBER_OBJECT_CONVERSION = YES_AGGRESSIVE;
				CLANG_CXX_LANGUAGE_STANDARD = "gnu++14";
				CLANG_CXX_LIBRARY = "libc++";
				CLANG_ENABLE_MODULES = YES;
				CLANG_ENABLE_OBJC_ARC = YES;
				CLANG_ENABLE_OBJC_WEAK = YES;
				CLANG_WARN_BLOCK_CAPTURE_AUTORELEASING = YES;
				CLANG_WARN_BOOL_CONVERSION = YES;
				CLANG_WARN_COMMA = YES;
				CLANG_WARN_CONSTANT_CONVERSION = YES;
				CLANG_WARN_DEPRECATED_OBJC_IMPLEMENTATIONS = YES;
				CLANG_WARN_DIRECT_OBJC_ISA_USAGE = YES_ERROR;
				CLANG_WARN_DOCUMENTATION_COMMENTS = YES;
				CLANG_WARN_EMPTY_BODY = YES;
				CLANG_WARN_ENUM_CONVERSION = YES;
				CLANG_WARN_INFINITE_RECURSION = YES;
				CLANG_WARN_INT_CONVERSION = YES;
				CLANG_WARN_NON_LITERAL_NULL_CONVERSION = YES;
				CLANG_WARN_OBJC_IMPLICIT_RETAIN_SELF = YES;
				CLANG_WARN_OBJC_LITERAL_CONVERSION = YES;
				CLANG_WARN_OBJC_ROOT_CLASS = YES_ERROR;
				CLANG_WARN_RANGE_LOOP_ANALYSIS = YES;
				CLANG_WARN_STRICT_PROTOTYPES = YES;
				CLANG_WARN_SUSPICIOUS_MOVE = YES;
				CLANG_WARN_UNGUARDED_AVAILABILITY = YES_AGGRESSIVE;
				CLANG_WARN_UNREACHABLE_CODE = YES;
				CLANG_WARN__DUPLICATE_METHOD_MATCH = YES;
				CODE_SIGN_IDENTITY = "iPhone Developer";
				COPY_PHASE_STRIP = NO;
				DEBUG_INFORMATION_FORMAT = dwarf;
				ENABLE_STRICT_OBJC_MSGSEND = YES;
				ENABLE_TESTABILITY = YES;
				GCC_C_LANGUAGE_STANDARD = gnu11;
				GCC_DYNAMIC_NO_PIC = NO;
				GCC_NO_COMMON_BLOCKS = YES;
				GCC_OPTIMIZATION_LEVEL = 0;
				GCC_PREPROCESSOR_DEFINITIONS = (
					"DEBUG=1",
					"$(inherited)",
				);
				GCC_WARN_64_TO_32_BIT_CONVERSION = YES;
				GCC_WARN_ABOUT_RETURN_TYPE = YES_ERROR;
				GCC_WARN_UNDECLARED_SELECTOR = YES;
				GCC_WARN_UNINITIALIZED_AUTOS = YES_AGGRESSIVE;
				GCC_WARN_UNUSED_FUNCTION = YES;
				GCC_WARN_UNUSED_VARIABLE = YES;
				IPHONEOS_DEPLOYMENT_TARGET = 11.4;
				MTL_ENABLE_DEBUG_INFO = YES;
				ONLY_ACTIVE_ARCH = YES;
				SDKROOT = iphoneos;
				SWIFT_ACTIVE_COMPILATION_CONDITIONS = DEBUG;
				SWIFT_OPTIMIZATION_LEVEL = "-Onone";
			};
			name = Debug;
		};
		1DF60E7521A0D5DD003728D1 /* Release */ = {
			isa = XCBuildConfiguration;
			buildSettings = {
				ALWAYS_SEARCH_USER_PATHS = NO;
				CLANG_ANALYZER_NONNULL = YES;
				CLANG_ANALYZER_NUMBER_OBJECT_CONVERSION = YES_AGGRESSIVE;
				CLANG_CXX_LANGUAGE_STANDARD = "gnu++14";
				CLANG_CXX_LIBRARY = "libc++";
				CLANG_ENABLE_MODULES = YES;
				CLANG_ENABLE_OBJC_ARC = YES;
				CLANG_ENABLE_OBJC_WEAK = YES;
				CLANG_WARN_BLOCK_CAPTURE_AUTORELEASING = YES;
				CLANG_WARN_BOOL_CONVERSION = YES;
				CLANG_WARN_COMMA = YES;
				CLANG_WARN_CONSTANT_CONVERSION = YES;
				CLANG_WARN_DEPRECATED_OBJC_IMPLEMENTATIONS = YES;
				CLANG_WARN_DIRECT_OBJC_ISA_USAGE = YES_ERROR;
				CLANG_WARN_DOCUMENTATION_COMMENTS = YES;
				CLANG_WARN_EMPTY_BODY = YES;
				CLANG_WARN_ENUM_CONVERSION = YES;
				CLANG_WARN_INFINITE_RECURSION = YES;
				CLANG_WARN_INT_CONVERSION = YES;
				CLANG_WARN_NON_LITERAL_NULL_CONVERSION = YES;
				CLANG_WARN_OBJC_IMPLICIT_RETAIN_SELF = YES;
				CLANG_WARN_OBJC_LITERAL_CONVERSION = YES;
				CLANG_WARN_OBJC_ROOT_CLASS = YES_ERROR;
				CLANG_WARN_RANGE_LOOP_ANALYSIS = YES;
				CLANG_WARN_STRICT_PROTOTYPES = YES;
				CLANG_WARN_SUSPICIOUS_MOVE = YES;
				CLANG_WARN_UNGUARDED_AVAILABILITY = YES_AGGRESSIVE;
				CLANG_WARN_UNREACHABLE_CODE = YES;
				CLANG_WARN__DUPLICATE_METHOD_MATCH = YES;
				CODE_SIGN_IDENTITY = "iPhone Developer";
				COPY_PHASE_STRIP = NO;
				DEBUG_INFORMATION_FORMAT = "dwarf-with-dsym";
				ENABLE_NS_ASSERTIONS = NO;
				ENABLE_STRICT_OBJC_MSGSEND = YES;
				GCC_C_LANGUAGE_STANDARD = gnu11;
				GCC_NO_COMMON_BLOCKS = YES;
				GCC_WARN_64_TO_32_BIT_CONVERSION = YES;
				GCC_WARN_ABOUT_RETURN_TYPE = YES_ERROR;
				GCC_WARN_UNDECLARED_SELECTOR = YES;
				GCC_WARN_UNINITIALIZED_AUTOS = YES_AGGRESSIVE;
				GCC_WARN_UNUSED_FUNCTION = YES;
				GCC_WARN_UNUSED_VARIABLE = YES;
				IPHONEOS_DEPLOYMENT_TARGET = 11.4;
				MTL_ENABLE_DEBUG_INFO = NO;
				SDKROOT = iphoneos;
				SWIFT_COMPILATION_MODE = wholemodule;
				SWIFT_OPTIMIZATION_LEVEL = "-O";
				VALIDATE_PRODUCT = YES;
			};
			name = Release;
		};
		1DF60E7721A0D5DD003728D1 /* Debug */ = {
			isa = XCBuildConfiguration;
			buildSettings = {
				ASSETCATALOG_COMPILER_APPICON_NAME = AppIcon;
				CODE_SIGN_STYLE = Automatic;
				DEVELOPMENT_TEAM = 5AJZ8364TP;
				INFOPLIST_FILE = "ios-swift-git-test/Info.plist";
				LD_RUNPATH_SEARCH_PATHS = (
					"$(inherited)",
					"@executable_path/Frameworks",
				);
				PRODUCT_BUNDLE_IDENTIFIER = "com.ivosahlik.ios-swift-git-test";
				PRODUCT_NAME = "$(TARGET_NAME)";
				SWIFT_VERSION = 4.0;
				TARGETED_DEVICE_FAMILY = "1,2";
			};
			name = Debug;
		};
		1DF60E7821A0D5DD003728D1 /* Release */ = {
			isa = XCBuildConfiguration;
			buildSettings = {
				ASSETCATALOG_COMPILER_APPICON_NAME = AppIcon;
				CODE_SIGN_STYLE = Automatic;
				DEVELOPMENT_TEAM = 5AJZ8364TP;
				INFOPLIST_FILE = "ios-swift-git-test/Info.plist";
				LD_RUNPATH_SEARCH_PATHS = (
					"$(inherited)",
					"@executable_path/Frameworks",
				);
				PRODUCT_BUNDLE_IDENTIFIER = "com.ivosahlik.ios-swift-git-test";
				PRODUCT_NAME = "$(TARGET_NAME)";
				SWIFT_VERSION = 4.0;
				TARGETED_DEVICE_FAMILY = "1,2";
			};
			name = Release;
		};
		1DF60E7A21A0D5DD003728D1 /* Debug */ = {
			isa = XCBuildConfiguration;
			buildSettings = {
				ALWAYS_EMBED_SWIFT_STANDARD_LIBRARIES = YES;
				BUNDLE_LOADER = "$(TEST_HOST)";
				CODE_SIGN_STYLE = Automatic;
				DEVELOPMENT_TEAM = 5AJZ8364TP;
				INFOPLIST_FILE = "ios-swift-git-testTests/Info.plist";
				LD_RUNPATH_SEARCH_PATHS = (
					"$(inherited)",
					"@executable_path/Frameworks",
					"@loader_path/Frameworks",
				);
				PRODUCT_BUNDLE_IDENTIFIER = "com.ivosahlik.ios-swift-git-testTests";
				PRODUCT_NAME = "$(TARGET_NAME)";
				SWIFT_VERSION = 4.0;
				TARGETED_DEVICE_FAMILY = "1,2";
				TEST_HOST = "$(BUILT_PRODUCTS_DIR)/ios-swift-git-test.app/ios-swift-git-test";
			};
			name = Debug;
		};
		1DF60E7B21A0D5DD003728D1 /* Release */ = {
			isa = XCBuildConfiguration;
			buildSettings = {
				ALWAYS_EMBED_SWIFT_STANDARD_LIBRARIES = YES;
				BUNDLE_LOADER = "$(TEST_HOST)";
				CODE_SIGN_STYLE = Automatic;
				DEVELOPMENT_TEAM = 5AJZ8364TP;
				INFOPLIST_FILE = "ios-swift-git-testTests/Info.plist";
				LD_RUNPATH_SEARCH_PATHS = (
					"$(inherited)",
					"@executable_path/Frameworks",
					"@loader_path/Frameworks",
				);
				PRODUCT_BUNDLE_IDENTIFIER = "com.ivosahlik.ios-swift-git-testTests";
				PRODUCT_NAME = "$(TARGET_NAME)";
				SWIFT_VERSION = 4.0;
				TARGETED_DEVICE_FAMILY = "1,2";
				TEST_HOST = "$(BUILT_PRODUCTS_DIR)/ios-swift-git-test.app/ios-swift-git-test";
			};
			name = Release;
		};
		1DF60E7D21A0D5DD003728D1 /* Debug */ = {
			isa = XCBuildConfiguration;
			buildSettings = {
				ALWAYS_EMBED_SWIFT_STANDARD_LIBRARIES = YES;
				CODE_SIGN_STYLE = Automatic;
				DEVELOPMENT_TEAM = 5AJZ8364TP;
				INFOPLIST_FILE = "ios-swift-git-testUITests/Info.plist";
				LD_RUNPATH_SEARCH_PATHS = (
					"$(inherited)",
					"@executable_path/Frameworks",
					"@loader_path/Frameworks",
				);
				PRODUCT_BUNDLE_IDENTIFIER = "com.ivosahlik.ios-swift-git-testUITests";
				PRODUCT_NAME = "$(TARGET_NAME)";
				SWIFT_VERSION = 4.0;
				TARGETED_DEVICE_FAMILY = "1,2";
				TEST_TARGET_NAME = "ios-swift-git-test";
			};
			name = Debug;
		};
		1DF60E7E21A0D5DD003728D1 /* Release */ = {
			isa = XCBuildConfiguration;
			buildSettings = {
				ALWAYS_EMBED_SWIFT_STANDARD_LIBRARIES = YES;
				CODE_SIGN_STYLE = Automatic;
				DEVELOPMENT_TEAM = 5AJZ8364TP;
				INFOPLIST_FILE = "ios-swift-git-testUITests/Info.plist";
				LD_RUNPATH_SEARCH_PATHS = (
					"$(inherited)",
					"@executable_path/Frameworks",
					"@loader_path/Frameworks",
				);
				PRODUCT_BUNDLE_IDENTIFIER = "com.ivosahlik.ios-swift-git-testUITests";
				PRODUCT_NAME = "$(TARGET_NAME)";
				SWIFT_VERSION = 4.0;
				TARGETED_DEVICE_FAMILY = "1,2";
				TEST_TARGET_NAME = "ios-swift-git-test";
			};
			name = Release;
		};
/* End XCBuildConfiguration section */

/* Begin XCConfigurationList section */
		1DF60E4921A0D5DB003728D1 /* Build configuration list for PBXProject "ios-swift-git-test" */ = {
			isa = XCConfigurationList;
			buildConfigurations = (
				1DF60E7421A0D5DD003728D1 /* Debug */,
				1DF60E7521A0D5DD003728D1 /* Release */,
			);
			defaultConfigurationIsVisible = 0;
			defaultConfigurationName = Release;
		};
		1DF60E7621A0D5DD003728D1 /* Build configuration list for PBXNativeTarget "ios-swift-git-test" */ = {
			isa = XCConfigurationList;
			buildConfigurations = (
				1DF60E7721A0D5DD003728D1 /* Debug */,
				1DF60E7821A0D5DD003728D1 /* Release */,
			);
			defaultConfigurationIsVisible = 0;
			defaultConfigurationName = Release;
		};
		1DF60E7921A0D5DD003728D1 /* Build configuration list for PBXNativeTarget "ios-swift-git-testTests" */ = {
			isa = XCConfigurationList;
			buildConfigurations = (
				1DF60E7A21A0D5DD003728D1 /* Debug */,
				1DF60E7B21A0D5DD003728D1 /* Release */,
			);
			defaultConfigurationIsVisible = 0;
			defaultConfigurationName = Release;
		};
		1DF60E7C21A0D5DD003728D1 /* Build configuration list for PBXNativeTarget "ios-swift-git-testUITests" */ = {
			isa = XCConfigurationList;
			buildConfigurations = (
				1DF60E7D21A0D5DD003728D1 /* Debug */,
				1DF60E7E21A0D5DD003728D1 /* Release */,
			);
			defaultConfigurationIsVisible = 0;
			defaultConfigurationName = Release;
		};
/* End XCConfigurationList section */
	};
	rootObject = 1DF60E4621A0D5DB003728D1 /* Project object */;
}
